
Microsoft Visual Studio Solution File, Format Version 12.00
# Visual Studio Version 16
VisualStudioVersion = 16.0.34114.132
MinimumVisualStudioVersion = 10.0.40219.1
Project("{FAE04EC0-301F-11D3-BF4B-00C04F79EFBC}") = "StundenExportOp", "StundenExportOp\StundenExportOp.csproj", "{0B8A0DDB-9081-484A-9878-8C5EF0AD118D}"
EndProject
Global
	GlobalSection(SolutionConfigurationPlatforms) = preSolution
		Debug|Any CPU = Debug|Any CPU
		Release|Any CPU = Release|Any CPU
	EndGlobalSection
	GlobalSection(ProjectConfigurationPlatforms) = postSolution
		{0B8A0DDB-9081-484A-9878-8C5EF0AD118D}.Debug|Any CPU.ActiveCfg = Debug|Any CPU
		{0B8A0DDB-9081-484A-9878-8C5EF0AD118D}.Debug|Any CPU.Build.0 = Debug|Any CPU
		{0B8A0DDB-9081-484A-9878-8C5EF0AD118D}.Release|Any CPU.ActiveCfg = Release|Any CPU
		{0B8A0DDB-9081-484A-9878-8C5EF0AD118D}.Release|Any CPU.Build.0 = Release|Any CPU
	EndGlobalSection
	GlobalSection(SolutionProperties) = preSolution
		HideSolutionNode = FALSE
	EndGlobalSection
	GlobalSection(ExtensibilityGlobals) = postSolution
		SolutionGuid = {43772FBE-7B55-4844-AC08-0509E25B8AB2}
	EndGlobalSection
EndGlobal
